// !$*UTF8*$!
{
	archiveVersion = 1;
	classes = {
	};
	objectVersion = 46;
	objects = {

/* Begin PBXBuildFile section */
		8804F9841C4A4EDE00194F58 /* channelList.plist in Resources */ = {isa = PBXBuildFile; fileRef = 8804F9831C4A4EDE00194F58 /* channelList.plist */; };
		8804F98A1C4A757A00194F58 /* myTools.m in Sources */ = {isa = PBXBuildFile; fileRef = 8804F9891C4A757A00194F58 /* myTools.m */; };
		8805F21C1C2BF008001F51FF /* AppDelegate.m in Sources */ = {isa = PBXBuildFile; fileRef = 8805F21B1C2BF008001F51FF /* AppDelegate.m */; };
		8805F23A1C2BF13B001F51FF /* Acfun_demo.xcdatamodeld in Sources */ = {isa = PBXBuildFile; fileRef = 8805F2321C2BF13B001F51FF /* Acfun_demo.xcdatamodeld */; };
		8805F23E1C2BF13B001F51FF /* main.m in Sources */ = {isa = PBXBuildFile; fileRef = 8805F2391C2BF13B001F51FF /* main.m */; };
		880A13451C4F6FF100B3866C /* libz.tbd in Frameworks */ = {isa = PBXBuildFile; fileRef = 880A13441C4F6FF100B3866C /* libz.tbd */; };
		88514B111C521F8C00F37B5A /* SingleHttpTool.m in Sources */ = {isa = PBXBuildFile; fileRef = 88514B101C521F8C00F37B5A /* SingleHttpTool.m */; };
		88B22DF61C60993A00E7F54D /* ChannelModel.m in Sources */ = {isa = PBXBuildFile; fileRef = 88B22DEB1C60993A00E7F54D /* ChannelModel.m */; };
		88B22DF71C60993A00E7F54D /* ChannelViewController.m in Sources */ = {isa = PBXBuildFile; fileRef = 88B22DEE1C60993A00E7F54D /* ChannelViewController.m */; };
		88B22DF81C60993A00E7F54D /* ChannelCollectionViewCell.m in Sources */ = {isa = PBXBuildFile; fileRef = 88B22DF11C60993A00E7F54D /* ChannelCollectionViewCell.m */; };
		88B22DF91C60993A00E7F54D /* CollectionFootView.m in Sources */ = {isa = PBXBuildFile; fileRef = 88B22DF31C60993A00E7F54D /* CollectionFootView.m */; };
		88B22DFA1C60993A00E7F54D /* CollectionHeadView.m in Sources */ = {isa = PBXBuildFile; fileRef = 88B22DF51C60993A00E7F54D /* CollectionHeadView.m */; };
		88B22E011C6099AE00E7F54D /* ClassifierViewController.m in Sources */ = {isa = PBXBuildFile; fileRef = 88B22DFF1C6099AE00E7F54D /* ClassifierViewController.m */; };
		88B22E081C6099B900E7F54D /* DetailModel.m in Sources */ = {isa = PBXBuildFile; fileRef = 88B22E051C6099B900E7F54D /* DetailModel.m */; };
		88B22E231C6099C000E7F54D /* FocusViewController.m in Sources */ = {isa = PBXBuildFile; fileRef = 88B22E0F1C6099C000E7F54D /* FocusViewController.m */; };
		88B22E491C6099C600E7F54D /* HomeModel.h.back in Resources */ = {isa = PBXBuildFile; fileRef = 88B22E2F1C6099C600E7F54D /* HomeModel.h.back */; };
		88B22E4A1C6099C600E7F54D /* HomeModel.m in Sources */ = {isa = PBXBuildFile; fileRef = 88B22E301C6099C600E7F54D /* HomeModel.m */; };
		88B22E4B1C6099C600E7F54D /* HomeModel.m.back in Resources */ = {isa = PBXBuildFile; fileRef = 88B22E311C6099C600E7F54D /* HomeModel.m.back */; };
		88B22E4C1C6099C600E7F54D /* HomeModelContent.m in Sources */ = {isa = PBXBuildFile; fileRef = 88B22E341C6099C600E7F54D /* HomeModelContent.m */; };
		88B22E4D1C6099C600E7F54D /* HomeModelLatestBangumiVideo.m in Sources */ = {isa = PBXBuildFile; fileRef = 88B22E361C6099C600E7F54D /* HomeModelLatestBangumiVideo.m */; };
		88B22E4E1C6099C600E7F54D /* HomeModelMenu.m in Sources */ = {isa = PBXBuildFile; fileRef = 88B22E381C6099C600E7F54D /* HomeModelMenu.m */; };
		88B22E4F1C6099C600E7F54D /* HomeModelOwner.m in Sources */ = {isa = PBXBuildFile; fileRef = 88B22E3A1C6099C600E7F54D /* HomeModelOwner.m */; };
		88B22E501C6099C600E7F54D /* HomeModelType.m in Sources */ = {isa = PBXBuildFile; fileRef = 88B22E3C1C6099C600E7F54D /* HomeModelType.m */; };
		88B22E511C6099C600E7F54D /* HomeModelVisit.m in Sources */ = {isa = PBXBuildFile; fileRef = 88B22E3E1C6099C600E7F54D /* HomeModelVisit.m */; };
		88B22E521C6099C600E7F54D /* HomeViewController.m in Sources */ = {isa = PBXBuildFile; fileRef = 88B22E411C6099C600E7F54D /* HomeViewController.m */; };
		88B22E5D1C6099CE00E7F54D /* DownloadViewController.m in Sources */ = {isa = PBXBuildFile; fileRef = 88B22E581C6099CE00E7F54D /* DownloadViewController.m */; };
		88B22E5E1C6099CE00E7F54D /* HistoryViewController.m in Sources */ = {isa = PBXBuildFile; fileRef = 88B22E5A1C6099CE00E7F54D /* HistoryViewController.m */; };
		88B22E5F1C6099CE00E7F54D /* SearchViewController.m in Sources */ = {isa = PBXBuildFile; fileRef = 88B22E5C1C6099CE00E7F54D /* SearchViewController.m */; };
		88B22E671C6099D400E7F54D /* UserViewController.m in Sources */ = {isa = PBXBuildFile; fileRef = 88B22E631C6099D400E7F54D /* UserViewController.m */; };
		88B22E681C6099D400E7F54D /* SlideTabBarView.m in Sources */ = {isa = PBXBuildFile; fileRef = 88B22E661C6099D400E7F54D /* SlideTabBarView.m */; };
		88B22E6B1C609ACB00E7F54D /* ClassifierSubView.m in Sources */ = {isa = PBXBuildFile; fileRef = 88B22E6A1C609ACB00E7F54D /* ClassifierSubView.m */; };
		88B22E7F1C60E93C00E7F54D /* CollectionViewHorizontalCell.m in Sources */ = {isa = PBXBuildFile; fileRef = 88B22E701C60E93C00E7F54D /* CollectionViewHorizontalCell.m */; };
		88B22E801C60E93C00E7F54D /* CollectionViewVerticalCell.m in Sources */ = {isa = PBXBuildFile; fileRef = 88B22E721C60E93C00E7F54D /* CollectionViewVerticalCell.m */; };
		88B22E811C60E93C00E7F54D /* TableViewSubArticleCell.m in Sources */ = {isa = PBXBuildFile; fileRef = 88B22E741C60E93C00E7F54D /* TableViewSubArticleCell.m */; };
		88B22E821C60E93C00E7F54D /* TableViewArticlesCell.m in Sources */ = {isa = PBXBuildFile; fileRef = 88B22E761C60E93C00E7F54D /* TableViewArticlesCell.m */; };
		88B22E831C60E93C00E7F54D /* TableViewBangumisCell.m in Sources */ = {isa = PBXBuildFile; fileRef = 88B22E781C60E93C00E7F54D /* TableViewBangumisCell.m */; };
		88B22E841C60E93C00E7F54D /* TableViewBannersCell.m in Sources */ = {isa = PBXBuildFile; fileRef = 88B22E7A1C60E93C00E7F54D /* TableViewBannersCell.m */; };
		88B22E851C60E93C00E7F54D /* TableViewCarouselsCell.m in Sources */ = {isa = PBXBuildFile; fileRef = 88B22E7C1C60E93C00E7F54D /* TableViewCarouselsCell.m */; };
		88B22E861C60E93C00E7F54D /* TableViewVideosCell.m in Sources */ = {isa = PBXBuildFile; fileRef = 88B22E7E1C60E93C00E7F54D /* TableViewVideosCell.m */; };
		88B22E891C60E9AD00E7F54D /* HomeModelFrame.m in Sources */ = {isa = PBXBuildFile; fileRef = 88B22E881C60E9AD00E7F54D /* HomeModelFrame.m */; };
		88F583AD1C60FEDB00681D39 /* Assets.xcassets in Resources */ = {isa = PBXBuildFile; fileRef = 88F583AC1C60FEDB00681D39 /* Assets.xcassets */; };
		88FD946C1C575E0F001CD81B /* URL_Note in Resources */ = {isa = PBXBuildFile; fileRef = 88FD946B1C575E0F001CD81B /* URL_Note */; };
		D15484E5BD899D311A57C1A4 /* libPods.a in Frameworks */ = {isa = PBXBuildFile; fileRef = 32195E865B75FA70404F1020 /* libPods.a */; };
/* End PBXBuildFile section */

/* Begin PBXFileReference section */
		32195E865B75FA70404F1020 /* libPods.a */ = {isa = PBXFileReference; explicitFileType = archive.ar; includeInIndex = 0; path = libPods.a; sourceTree = BUILT_PRODUCTS_DIR; };
		8804F9831C4A4EDE00194F58 /* channelList.plist */ = {isa = PBXFileReference; fileEncoding = 4; lastKnownFileType = text.plist.xml; path = channelList.plist; sourceTree = "<group>"; };
		8804F9881C4A757A00194F58 /* myTools.h */ = {isa = PBXFileReference; fileEncoding = 4; lastKnownFileType = sourcecode.c.h; path = myTools.h; sourceTree = "<group>"; };
		8804F9891C4A757A00194F58 /* myTools.m */ = {isa = PBXFileReference; fileEncoding = 4; lastKnownFileType = sourcecode.c.objc; path = myTools.m; sourceTree = "<group>"; };
		8805F2141C2BF008001F51FF /* Acfun_demo.app */ = {isa = PBXFileReference; explicitFileType = wrapper.application; includeInIndex = 0; path = Acfun_demo.app; sourceTree = BUILT_PRODUCTS_DIR; };
		8805F21A1C2BF008001F51FF /* AppDelegate.h */ = {isa = PBXFileReference; lastKnownFileType = sourcecode.c.h; path = AppDelegate.h; sourceTree = "<group>"; };
		8805F21B1C2BF008001F51FF /* AppDelegate.m */ = {isa = PBXFileReference; lastKnownFileType = sourcecode.c.objc; path = AppDelegate.m; sourceTree = "<group>"; };
		8805F22B1C2BF008001F51FF /* Info.plist */ = {isa = PBXFileReference; lastKnownFileType = text.plist.xml; name = Info.plist; path = ../Info.plist; sourceTree = "<group>"; };
		8805F2331C2BF13B001F51FF /* Acfun_demo.xcdatamodel */ = {isa = PBXFileReference; lastKnownFileType = wrapper.xcdatamodel; path = Acfun_demo.xcdatamodel; sourceTree = "<group>"; };
		8805F2391C2BF13B001F51FF /* main.m */ = {isa = PBXFileReference; fileEncoding = 4; lastKnownFileType = sourcecode.c.objc; path = main.m; sourceTree = "<group>"; };
		880A13441C4F6FF100B3866C /* libz.tbd */ = {isa = PBXFileReference; lastKnownFileType = "sourcecode.text-based-dylib-definition"; name = libz.tbd; path = usr/lib/libz.tbd; sourceTree = SDKROOT; };
		8817D2CF1C2E3D540018B398 /* Config.h */ = {isa = PBXFileReference; fileEncoding = 4; lastKnownFileType = sourcecode.c.h; path = Config.h; sourceTree = "<group>"; };
		88514B0F1C521F8C00F37B5A /* SingleHttpTool.h */ = {isa = PBXFileReference; fileEncoding = 4; lastKnownFileType = sourcecode.c.h; path = SingleHttpTool.h; sourceTree = "<group>"; };
		88514B101C521F8C00F37B5A /* SingleHttpTool.m */ = {isa = PBXFileReference; fileEncoding = 4; lastKnownFileType = sourcecode.c.objc; path = SingleHttpTool.m; sourceTree = "<group>"; };
		88B22DEA1C60993A00E7F54D /* ChannelModel.h */ = {isa = PBXFileReference; fileEncoding = 4; lastKnownFileType = sourcecode.c.h; path = ChannelModel.h; sourceTree = "<group>"; };
		88B22DEB1C60993A00E7F54D /* ChannelModel.m */ = {isa = PBXFileReference; fileEncoding = 4; lastKnownFileType = sourcecode.c.objc; path = ChannelModel.m; sourceTree = "<group>"; };
		88B22DED1C60993A00E7F54D /* ChannelViewController.h */ = {isa = PBXFileReference; fileEncoding = 4; lastKnownFileType = sourcecode.c.h; path = ChannelViewController.h; sourceTree = "<group>"; };
		88B22DEE1C60993A00E7F54D /* ChannelViewController.m */ = {isa = PBXFileReference; fileEncoding = 4; lastKnownFileType = sourcecode.c.objc; path = ChannelViewController.m; sourceTree = "<group>"; };
		88B22DF01C60993A00E7F54D /* ChannelCollectionViewCell.h */ = {isa = PBXFileReference; fileEncoding = 4; lastKnownFileType = sourcecode.c.h; path = ChannelCollectionViewCell.h; sourceTree = "<group>"; };
		88B22DF11C60993A00E7F54D /* ChannelCollectionViewCell.m */ = {isa = PBXFileReference; fileEncoding = 4; lastKnownFileType = sourcecode.c.objc; path = ChannelCollectionViewCell.m; sourceTree = "<group>"; };
		88B22DF21C60993A00E7F54D /* CollectionFootView.h */ = {isa = PBXFileReference; fileEncoding = 4; lastKnownFileType = sourcecode.c.h; path = CollectionFootView.h; sourceTree = "<group>"; };
		88B22DF31C60993A00E7F54D /* CollectionFootView.m */ = {isa = PBXFileReference; fileEncoding = 4; lastKnownFileType = sourcecode.c.objc; path = CollectionFootView.m; sourceTree = "<group>"; };
		88B22DF41C60993A00E7F54D /* CollectionHeadView.h */ = {isa = PBXFileReference; fileEncoding = 4; lastKnownFileType = sourcecode.c.h; path = CollectionHeadView.h; sourceTree = "<group>"; };
		88B22DF51C60993A00E7F54D /* CollectionHeadView.m */ = {isa = PBXFileReference; fileEncoding = 4; lastKnownFileType = sourcecode.c.objc; path = CollectionHeadView.m; sourceTree = "<group>"; };
		88B22DFE1C6099AE00E7F54D /* ClassifierViewController.h */ = {isa = PBXFileReference; fileEncoding = 4; lastKnownFileType = sourcecode.c.h; path = ClassifierViewController.h; sourceTree = "<group>"; };
		88B22DFF1C6099AE00E7F54D /* ClassifierViewController.m */ = {isa = PBXFileReference; fileEncoding = 4; lastKnownFileType = sourcecode.c.objc; path = ClassifierViewController.m; sourceTree = "<group>"; };
		88B22E041C6099B900E7F54D /* DetailModel.h */ = {isa = PBXFileReference; fileEncoding = 4; lastKnownFileType = sourcecode.c.h; path = DetailModel.h; sourceTree = "<group>"; };
		88B22E051C6099B900E7F54D /* DetailModel.m */ = {isa = PBXFileReference; fileEncoding = 4; lastKnownFileType = sourcecode.c.objc; path = DetailModel.m; sourceTree = "<group>"; };
		88B22E0E1C6099C000E7F54D /* FocusViewController.h */ = {isa = PBXFileReference; fileEncoding = 4; lastKnownFileType = sourcecode.c.h; path = FocusViewController.h; sourceTree = "<group>"; };
		88B22E0F1C6099C000E7F54D /* FocusViewController.m */ = {isa = PBXFileReference; fileEncoding = 4; lastKnownFileType = sourcecode.c.objc; path = FocusViewController.m; sourceTree = "<group>"; };
		88B22E2E1C6099C600E7F54D /* HomeModel.h */ = {isa = PBXFileReference; fileEncoding = 4; lastKnownFileType = sourcecode.c.h; path = HomeModel.h; sourceTree = "<group>"; };
		88B22E2F1C6099C600E7F54D /* HomeModel.h.back */ = {isa = PBXFileReference; fileEncoding = 4; lastKnownFileType = text; path = HomeModel.h.back; sourceTree = "<group>"; };
		88B22E301C6099C600E7F54D /* HomeModel.m */ = {isa = PBXFileReference; fileEncoding = 4; lastKnownFileType = sourcecode.c.objc; path = HomeModel.m; sourceTree = "<group>"; };
		88B22E311C6099C600E7F54D /* HomeModel.m.back */ = {isa = PBXFileReference; fileEncoding = 4; lastKnownFileType = text; path = HomeModel.m.back; sourceTree = "<group>"; };
		88B22E321C6099C600E7F54D /* HomeModelConfig.h */ = {isa = PBXFileReference; fileEncoding = 4; lastKnownFileType = sourcecode.c.h; path = HomeModelConfig.h; sourceTree = "<group>"; };
		88B22E331C6099C600E7F54D /* HomeModelContent.h */ = {isa = PBXFileReference; fileEncoding = 4; lastKnownFileType = sourcecode.c.h; path = HomeModelContent.h; sourceTree = "<group>"; };
		88B22E341C6099C600E7F54D /* HomeModelContent.m */ = {isa = PBXFileReference; fileEncoding = 4; lastKnownFileType = sourcecode.c.objc; path = HomeModelContent.m; sourceTree = "<group>"; };
		88B22E351C6099C600E7F54D /* HomeModelLatestBangumiVideo.h */ = {isa = PBXFileReference; fileEncoding = 4; lastKnownFileType = sourcecode.c.h; path = HomeModelLatestBangumiVideo.h; sourceTree = "<group>"; };
		88B22E361C6099C600E7F54D /* HomeModelLatestBangumiVideo.m */ = {isa = PBXFileReference; fileEncoding = 4; lastKnownFileType = sourcecode.c.objc; path = HomeModelLatestBangumiVideo.m; sourceTree = "<group>"; };
		88B22E371C6099C600E7F54D /* HomeModelMenu.h */ = {isa = PBXFileReference; fileEncoding = 4; lastKnownFileType = sourcecode.c.h; path = HomeModelMenu.h; sourceTree = "<group>"; };
		88B22E381C6099C600E7F54D /* HomeModelMenu.m */ = {isa = PBXFileReference; fileEncoding = 4; lastKnownFileType = sourcecode.c.objc; path = HomeModelMenu.m; sourceTree = "<group>"; };
		88B22E391C6099C600E7F54D /* HomeModelOwner.h */ = {isa = PBXFileReference; fileEncoding = 4; lastKnownFileType = sourcecode.c.h; path = HomeModelOwner.h; sourceTree = "<group>"; };
		88B22E3A1C6099C600E7F54D /* HomeModelOwner.m */ = {isa = PBXFileReference; fileEncoding = 4; lastKnownFileType = sourcecode.c.objc; path = HomeModelOwner.m; sourceTree = "<group>"; };
		88B22E3B1C6099C600E7F54D /* HomeModelType.h */ = {isa = PBXFileReference; fileEncoding = 4; lastKnownFileType = sourcecode.c.h; path = HomeModelType.h; sourceTree = "<group>"; };
		88B22E3C1C6099C600E7F54D /* HomeModelType.m */ = {isa = PBXFileReference; fileEncoding = 4; lastKnownFileType = sourcecode.c.objc; path = HomeModelType.m; sourceTree = "<group>"; };
		88B22E3D1C6099C600E7F54D /* HomeModelVisit.h */ = {isa = PBXFileReference; fileEncoding = 4; lastKnownFileType = sourcecode.c.h; path = HomeModelVisit.h; sourceTree = "<group>"; };
		88B22E3E1C6099C600E7F54D /* HomeModelVisit.m */ = {isa = PBXFileReference; fileEncoding = 4; lastKnownFileType = sourcecode.c.objc; path = HomeModelVisit.m; sourceTree = "<group>"; };
		88B22E401C6099C600E7F54D /* HomeViewController.h */ = {isa = PBXFileReference; fileEncoding = 4; lastKnownFileType = sourcecode.c.h; path = HomeViewController.h; sourceTree = "<group>"; };
		88B22E411C6099C600E7F54D /* HomeViewController.m */ = {isa = PBXFileReference; fileEncoding = 4; lastKnownFileType = sourcecode.c.objc; path = HomeViewController.m; sourceTree = "<group>"; };
		88B22E571C6099CE00E7F54D /* DownloadViewController.h */ = {isa = PBXFileReference; fileEncoding = 4; lastKnownFileType = sourcecode.c.h; path = DownloadViewController.h; sourceTree = "<group>"; };
		88B22E581C6099CE00E7F54D /* DownloadViewController.m */ = {isa = PBXFileReference; fileEncoding = 4; lastKnownFileType = sourcecode.c.objc; path = DownloadViewController.m; sourceTree = "<group>"; };
		88B22E591C6099CE00E7F54D /* HistoryViewController.h */ = {isa = PBXFileReference; fileEncoding = 4; lastKnownFileType = sourcecode.c.h; path = HistoryViewController.h; sourceTree = "<group>"; };
		88B22E5A1C6099CE00E7F54D /* HistoryViewController.m */ = {isa = PBXFileReference; fileEncoding = 4; lastKnownFileType = sourcecode.c.objc; path = HistoryViewController.m; sourceTree = "<group>"; };
		88B22E5B1C6099CE00E7F54D /* SearchViewController.h */ = {isa = PBXFileReference; fileEncoding = 4; lastKnownFileType = sourcecode.c.h; path = SearchViewController.h; sourceTree = "<group>"; };
		88B22E5C1C6099CE00E7F54D /* SearchViewController.m */ = {isa = PBXFileReference; fileEncoding = 4; lastKnownFileType = sourcecode.c.objc; path = SearchViewController.m; sourceTree = "<group>"; };
		88B22E621C6099D400E7F54D /* UserViewController.h */ = {isa = PBXFileReference; fileEncoding = 4; lastKnownFileType = sourcecode.c.h; path = UserViewController.h; sourceTree = "<group>"; };
		88B22E631C6099D400E7F54D /* UserViewController.m */ = {isa = PBXFileReference; fileEncoding = 4; lastKnownFileType = sourcecode.c.objc; path = UserViewController.m; sourceTree = "<group>"; };
		88B22E651C6099D400E7F54D /* SlideTabBarView.h */ = {isa = PBXFileReference; fileEncoding = 4; lastKnownFileType = sourcecode.c.h; path = SlideTabBarView.h; sourceTree = "<group>"; };
		88B22E661C6099D400E7F54D /* SlideTabBarView.m */ = {isa = PBXFileReference; fileEncoding = 4; lastKnownFileType = sourcecode.c.objc; path = SlideTabBarView.m; sourceTree = "<group>"; };
		88B22E691C609ACB00E7F54D /* ClassifierSubView.h */ = {isa = PBXFileReference; fileEncoding = 4; lastKnownFileType = sourcecode.c.h; path = ClassifierSubView.h; sourceTree = "<group>"; };
		88B22E6A1C609ACB00E7F54D /* ClassifierSubView.m */ = {isa = PBXFileReference; fileEncoding = 4; lastKnownFileType = sourcecode.c.objc; path = ClassifierSubView.m; sourceTree = "<group>"; };
		88B22E6F1C60E93C00E7F54D /* CollectionViewHorizontalCell.h */ = {isa = PBXFileReference; fileEncoding = 4; lastKnownFileType = sourcecode.c.h; path = CollectionViewHorizontalCell.h; sourceTree = "<group>"; };
		88B22E701C60E93C00E7F54D /* CollectionViewHorizontalCell.m */ = {isa = PBXFileReference; fileEncoding = 4; lastKnownFileType = sourcecode.c.objc; path = CollectionViewHorizontalCell.m; sourceTree = "<group>"; };
		88B22E711C60E93C00E7F54D /* CollectionViewVerticalCell.h */ = {isa = PBXFileReference; fileEncoding = 4; lastKnownFileType = sourcecode.c.h; path = CollectionViewVerticalCell.h; sourceTree = "<group>"; };
		88B22E721C60E93C00E7F54D /* CollectionViewVerticalCell.m */ = {isa = PBXFileReference; fileEncoding = 4; lastKnownFileType = sourcecode.c.objc; path = CollectionViewVerticalCell.m; sourceTree = "<group>"; };
		88B22E731C60E93C00E7F54D /* TableViewSubArticleCell.h */ = {isa = PBXFileReference; fileEncoding = 4; lastKnownFileType = sourcecode.c.h; path = TableViewSubArticleCell.h; sourceTree = "<group>"; };
		88B22E741C60E93C00E7F54D /* TableViewSubArticleCell.m */ = {isa = PBXFileReference; fileEncoding = 4; lastKnownFileType = sourcecode.c.objc; path = TableViewSubArticleCell.m; sourceTree = "<group>"; };
		88B22E751C60E93C00E7F54D /* TableViewArticlesCell.h */ = {isa = PBXFileReference; fileEncoding = 4; lastKnownFileType = sourcecode.c.h; path = TableViewArticlesCell.h; sourceTree = "<group>"; };
		88B22E761C60E93C00E7F54D /* TableViewArticlesCell.m */ = {isa = PBXFileReference; fileEncoding = 4; lastKnownFileType = sourcecode.c.objc; path = TableViewArticlesCell.m; sourceTree = "<group>"; };
		88B22E771C60E93C00E7F54D /* TableViewBangumisCell.h */ = {isa = PBXFileReference; fileEncoding = 4; lastKnownFileType = sourcecode.c.h; path = TableViewBangumisCell.h; sourceTree = "<group>"; };
		88B22E781C60E93C00E7F54D /* TableViewBangumisCell.m */ = {isa = PBXFileReference; fileEncoding = 4; lastKnownFileType = sourcecode.c.objc; path = TableViewBangumisCell.m; sourceTree = "<group>"; };
		88B22E791C60E93C00E7F54D /* TableViewBannersCell.h */ = {isa = PBXFileReference; fileEncoding = 4; lastKnownFileType = sourcecode.c.h; path = TableViewBannersCell.h; sourceTree = "<group>"; };
		88B22E7A1C60E93C00E7F54D /* TableViewBannersCell.m */ = {isa = PBXFileReference; fileEncoding = 4; lastKnownFileType = sourcecode.c.objc; path = TableViewBannersCell.m; sourceTree = "<group>"; };
		88B22E7B1C60E93C00E7F54D /* TableViewCarouselsCell.h */ = {isa = PBXFileReference; fileEncoding = 4; lastKnownFileType = sourcecode.c.h; path = TableViewCarouselsCell.h; sourceTree = "<group>"; };
		88B22E7C1C60E93C00E7F54D /* TableViewCarouselsCell.m */ = {isa = PBXFileReference; fileEncoding = 4; lastKnownFileType = sourcecode.c.objc; path = TableViewCarouselsCell.m; sourceTree = "<group>"; };
		88B22E7D1C60E93C00E7F54D /* TableViewVideosCell.h */ = {isa = PBXFileReference; fileEncoding = 4; lastKnownFileType = sourcecode.c.h; path = TableViewVideosCell.h; sourceTree = "<group>"; };
		88B22E7E1C60E93C00E7F54D /* TableViewVideosCell.m */ = {isa = PBXFileReference; fileEncoding = 4; lastKnownFileType = sourcecode.c.objc; path = TableViewVideosCell.m; sourceTree = "<group>"; };
		88B22E871C60E9AD00E7F54D /* HomeModelFrame.h */ = {isa = PBXFileReference; fileEncoding = 4; lastKnownFileType = sourcecode.c.h; path = HomeModelFrame.h; sourceTree = "<group>"; };
		88B22E881C60E9AD00E7F54D /* HomeModelFrame.m */ = {isa = PBXFileReference; fileEncoding = 4; lastKnownFileType = sourcecode.c.objc; path = HomeModelFrame.m; sourceTree = "<group>"; };
		88B519C81C43976300A59610 /* PrefixHeader.pch */ = {isa = PBXFileReference; lastKnownFileType = sourcecode.c.h; path = PrefixHeader.pch; sourceTree = "<group>"; };
		88F583AC1C60FEDB00681D39 /* Assets.xcassets */ = {isa = PBXFileReference; lastKnownFileType = folder.assetcatalog; path = Assets.xcassets; sourceTree = "<group>"; };
		88FD946B1C575E0F001CD81B /* URL_Note */ = {isa = PBXFileReference; fileEncoding = 4; lastKnownFileType = text; path = URL_Note; sourceTree = "<group>"; };
		C00D391E9470A4EE3BAC9D53 /* Pods.release.xcconfig */ = {isa = PBXFileReference; includeInIndex = 1; lastKnownFileType = text.xcconfig; name = Pods.release.xcconfig; path = "Pods/Target Support Files/Pods/Pods.release.xcconfig"; sourceTree = "<group>"; };
		ED925E19846DCD2E9ABC970B /* Pods.debug.xcconfig */ = {isa = PBXFileReference; includeInIndex = 1; lastKnownFileType = text.xcconfig; name = Pods.debug.xcconfig; path = "Pods/Target Support Files/Pods/Pods.debug.xcconfig"; sourceTree = "<group>"; };
/* End PBXFileReference section */

/* Begin PBXFrameworksBuildPhase section */
		8805F2111C2BF008001F51FF /* Frameworks */ = {
			isa = PBXFrameworksBuildPhase;
			buildActionMask = 2147483647;
			files = (
				880A13451C4F6FF100B3866C /* libz.tbd in Frameworks */,
				D15484E5BD899D311A57C1A4 /* libPods.a in Frameworks */,
			);
			runOnlyForDeploymentPostprocessing = 0;
		};
/* End PBXFrameworksBuildPhase section */

/* Begin PBXGroup section */
		59433984D0E367720FE2ECB6 /* Pods */ = {
			isa = PBXGroup;
			children = (
				ED925E19846DCD2E9ABC970B /* Pods.debug.xcconfig */,
				C00D391E9470A4EE3BAC9D53 /* Pods.release.xcconfig */,
			);
			name = Pods;
			sourceTree = "<group>";
		};
		8805F20B1C2BF008001F51FF = {
			isa = PBXGroup;
			children = (
				8805F2161C2BF008001F51FF /* Acfun_demo */,
				8805F2151C2BF008001F51FF /* Products */,
				59433984D0E367720FE2ECB6 /* Pods */,
				C49019E96A3C13DF57D5D953 /* Frameworks */,
			);
			sourceTree = "<group>";
		};
		8805F2151C2BF008001F51FF /* Products */ = {
			isa = PBXGroup;
			children = (
				8805F2141C2BF008001F51FF /* Acfun_demo.app */,
			);
			name = Products;
			sourceTree = "<group>";
		};
		8805F2161C2BF008001F51FF /* Acfun_demo */ = {
			isa = PBXGroup;
			children = (
				8820DA561C4E1E92004CE184 /* Tools */,
				88B22DFB1C6099AE00E7F54D /* ClassifierView */,
				88B22E021C6099B900E7F54D /* DetailView */,
				88B22E2C1C6099C600E7F54D /* HomeView */,
				88B22DE81C60993A00E7F54D /* ChannelView */,
				88B22E601C6099D400E7F54D /* UserView */,
				88B22E091C6099C000E7F54D /* FocusView */,
				88B22E561C6099CE00E7F54D /* SubViewControllers */,
				8805F21A1C2BF008001F51FF /* AppDelegate.h */,
				8805F21B1C2BF008001F51FF /* AppDelegate.m */,
				8805F2311C2BF13B001F51FF /* Supporting Files */,
			);
			path = Acfun_demo;
			sourceTree = "<group>";
		};
		8805F2311C2BF13B001F51FF /* Supporting Files */ = {
			isa = PBXGroup;
			children = (
				88F583AC1C60FEDB00681D39 /* Assets.xcassets */,
				8805F22B1C2BF008001F51FF /* Info.plist */,
				8804F9831C4A4EDE00194F58 /* channelList.plist */,
				8805F2321C2BF13B001F51FF /* Acfun_demo.xcdatamodeld */,
				8805F2391C2BF13B001F51FF /* main.m */,
				8817D2CF1C2E3D540018B398 /* Config.h */,
				88B519C81C43976300A59610 /* PrefixHeader.pch */,
				8804F9881C4A757A00194F58 /* myTools.h */,
				8804F9891C4A757A00194F58 /* myTools.m */,
				88FD946B1C575E0F001CD81B /* URL_Note */,
			);
			path = "Supporting Files";
			sourceTree = "<group>";
		};
		8820DA561C4E1E92004CE184 /* Tools */ = {
			isa = PBXGroup;
			children = (
				88514B0F1C521F8C00F37B5A /* SingleHttpTool.h */,
				88514B101C521F8C00F37B5A /* SingleHttpTool.m */,
			);
			path = Tools;
			sourceTree = "<group>";
		};
		88B22DE81C60993A00E7F54D /* ChannelView */ = {
			isa = PBXGroup;
			children = (
				88B22DE91C60993A00E7F54D /* Models */,
				88B22DEC1C60993A00E7F54D /* ViewController */,
				88B22DEF1C60993A00E7F54D /* Views */,
			);
			path = ChannelView;
			sourceTree = "<group>";
		};
		88B22DE91C60993A00E7F54D /* Models */ = {
			isa = PBXGroup;
			children = (
				88B22DEA1C60993A00E7F54D /* ChannelModel.h */,
				88B22DEB1C60993A00E7F54D /* ChannelModel.m */,
			);
			path = Models;
			sourceTree = "<group>";
		};
		88B22DEC1C60993A00E7F54D /* ViewController */ = {
			isa = PBXGroup;
			children = (
				88B22DED1C60993A00E7F54D /* ChannelViewController.h */,
				88B22DEE1C60993A00E7F54D /* ChannelViewController.m */,
			);
			path = ViewController;
			sourceTree = "<group>";
		};
		88B22DEF1C60993A00E7F54D /* Views */ = {
			isa = PBXGroup;
			children = (
				88B22DF01C60993A00E7F54D /* ChannelCollectionViewCell.h */,
				88B22DF11C60993A00E7F54D /* ChannelCollectionViewCell.m */,
				88B22DF21C60993A00E7F54D /* CollectionFootView.h */,
				88B22DF31C60993A00E7F54D /* CollectionFootView.m */,
				88B22DF41C60993A00E7F54D /* CollectionHeadView.h */,
				88B22DF51C60993A00E7F54D /* CollectionHeadView.m */,
			);
			path = Views;
			sourceTree = "<group>";
		};
		88B22DFB1C6099AE00E7F54D /* ClassifierView */ = {
			isa = PBXGroup;
			children = (
				88B22DFC1C6099AE00E7F54D /* Models */,
				88B22DFD1C6099AE00E7F54D /* ViewController */,
				88B22E001C6099AE00E7F54D /* Views */,
			);
			path = ClassifierView;
			sourceTree = "<group>";
		};
		88B22DFC1C6099AE00E7F54D /* Models */ = {
			isa = PBXGroup;
			children = (
			);
			path = Models;
			sourceTree = "<group>";
		};
		88B22DFD1C6099AE00E7F54D /* ViewController */ = {
			isa = PBXGroup;
			children = (
				88B22DFE1C6099AE00E7F54D /* ClassifierViewController.h */,
				88B22DFF1C6099AE00E7F54D /* ClassifierViewController.m */,
			);
			path = ViewController;
			sourceTree = "<group>";
		};
		88B22E001C6099AE00E7F54D /* Views */ = {
			isa = PBXGroup;
			children = (
				88B22E691C609ACB00E7F54D /* ClassifierSubView.h */,
				88B22E6A1C609ACB00E7F54D /* ClassifierSubView.m */,
			);
			path = Views;
			sourceTree = "<group>";
		};
		88B22E021C6099B900E7F54D /* DetailView */ = {
			isa = PBXGroup;
			children = (
				88B22E031C6099B900E7F54D /* Models */,
				88B22E061C6099B900E7F54D /* ViewControllers */,
				88B22E071C6099B900E7F54D /* Views */,
			);
			path = DetailView;
			sourceTree = "<group>";
		};
		88B22E031C6099B900E7F54D /* Models */ = {
			isa = PBXGroup;
			children = (
				88B22E041C6099B900E7F54D /* DetailModel.h */,
				88B22E051C6099B900E7F54D /* DetailModel.m */,
			);
			path = Models;
			sourceTree = "<group>";
		};
		88B22E061C6099B900E7F54D /* ViewControllers */ = {
			isa = PBXGroup;
			children = (
			);
			path = ViewControllers;
			sourceTree = "<group>";
		};
		88B22E071C6099B900E7F54D /* Views */ = {
			isa = PBXGroup;
			children = (
			);
			path = Views;
			sourceTree = "<group>";
		};
		88B22E091C6099C000E7F54D /* FocusView */ = {
			isa = PBXGroup;
			children = (
				88B22E0A1C6099C000E7F54D /* Models */,
				88B22E0D1C6099C000E7F54D /* ViewController */,
				88B22E6C1C60E91800E7F54D /* Views */,
			);
			path = FocusView;
			sourceTree = "<group>";
		};
		88B22E0A1C6099C000E7F54D /* Models */ = {
			isa = PBXGroup;
			children = (
			);
			path = Models;
			sourceTree = "<group>";
		};
		88B22E0D1C6099C000E7F54D /* ViewController */ = {
			isa = PBXGroup;
			children = (
				88B22E0E1C6099C000E7F54D /* FocusViewController.h */,
				88B22E0F1C6099C000E7F54D /* FocusViewController.m */,
			);
			path = ViewController;
			sourceTree = "<group>";
		};
		88B22E2C1C6099C600E7F54D /* HomeView */ = {
			isa = PBXGroup;
			children = (
				88B22E2D1C6099C600E7F54D /* Models */,
				88B22E3F1C6099C600E7F54D /* ViewController */,
				88B22E6D1C60E93C00E7F54D /* Views */,
			);
			path = HomeView;
			sourceTree = "<group>";
		};
		88B22E2D1C6099C600E7F54D /* Models */ = {
			isa = PBXGroup;
			children = (
				88B22E871C60E9AD00E7F54D /* HomeModelFrame.h */,
				88B22E881C60E9AD00E7F54D /* HomeModelFrame.m */,
				88B22E321C6099C600E7F54D /* HomeModelConfig.h */,
				88B22E2F1C6099C600E7F54D /* HomeModel.h.back */,
				88B22E311C6099C600E7F54D /* HomeModel.m.back */,
				88B22E2E1C6099C600E7F54D /* HomeModel.h */,
				88B22E301C6099C600E7F54D /* HomeModel.m */,
				88B22E331C6099C600E7F54D /* HomeModelContent.h */,
				88B22E341C6099C600E7F54D /* HomeModelContent.m */,
				88B22E351C6099C600E7F54D /* HomeModelLatestBangumiVideo.h */,
				88B22E361C6099C600E7F54D /* HomeModelLatestBangumiVideo.m */,
				88B22E371C6099C600E7F54D /* HomeModelMenu.h */,
				88B22E381C6099C600E7F54D /* HomeModelMenu.m */,
				88B22E391C6099C600E7F54D /* HomeModelOwner.h */,
				88B22E3A1C6099C600E7F54D /* HomeModelOwner.m */,
				88B22E3B1C6099C600E7F54D /* HomeModelType.h */,
				88B22E3C1C6099C600E7F54D /* HomeModelType.m */,
				88B22E3D1C6099C600E7F54D /* HomeModelVisit.h */,
				88B22E3E1C6099C600E7F54D /* HomeModelVisit.m */,
			);
			path = Models;
			sourceTree = "<group>";
		};
		88B22E3F1C6099C600E7F54D /* ViewController */ = {
			isa = PBXGroup;
			children = (
				88B22E401C6099C600E7F54D /* HomeViewController.h */,
				88B22E411C6099C600E7F54D /* HomeViewController.m */,
			);
			path = ViewController;
			sourceTree = "<group>";
		};
		88B22E561C6099CE00E7F54D /* SubViewControllers */ = {
			isa = PBXGroup;
			children = (
				88B22E571C6099CE00E7F54D /* DownloadViewController.h */,
				88B22E581C6099CE00E7F54D /* DownloadViewController.m */,
				88B22E591C6099CE00E7F54D /* HistoryViewController.h */,
				88B22E5A1C6099CE00E7F54D /* HistoryViewController.m */,
				88B22E5B1C6099CE00E7F54D /* SearchViewController.h */,
				88B22E5C1C6099CE00E7F54D /* SearchViewController.m */,
			);
			path = SubViewControllers;
			sourceTree = "<group>";
		};
		88B22E601C6099D400E7F54D /* UserView */ = {
			isa = PBXGroup;
			children = (
				88B22E611C6099D400E7F54D /* ViewController */,
				88B22E641C6099D400E7F54D /* Views */,
			);
			path = UserView;
			sourceTree = "<group>";
		};
		88B22E611C6099D400E7F54D /* ViewController */ = {
			isa = PBXGroup;
			children = (
				88B22E621C6099D400E7F54D /* UserViewController.h */,
				88B22E631C6099D400E7F54D /* UserViewController.m */,
			);
			path = ViewController;
			sourceTree = "<group>";
		};
		88B22E641C6099D400E7F54D /* Views */ = {
			isa = PBXGroup;
			children = (
				88B22E651C6099D400E7F54D /* SlideTabBarView.h */,
				88B22E661C6099D400E7F54D /* SlideTabBarView.m */,
			);
			path = Views;
			sourceTree = "<group>";
		};
		88B22E6C1C60E91800E7F54D /* Views */ = {
			isa = PBXGroup;
			children = (
			);
			path = Views;
			sourceTree = "<group>";
		};
		88B22E6D1C60E93C00E7F54D /* Views */ = {
			isa = PBXGroup;
			children = (
				88B22E6E1C60E93C00E7F54D /* subViews */,
				88B22E751C60E93C00E7F54D /* TableViewArticlesCell.h */,
				88B22E761C60E93C00E7F54D /* TableViewArticlesCell.m */,
				88B22E771C60E93C00E7F54D /* TableViewBangumisCell.h */,
				88B22E781C60E93C00E7F54D /* TableViewBangumisCell.m */,
				88B22E791C60E93C00E7F54D /* TableViewBannersCell.h */,
				88B22E7A1C60E93C00E7F54D /* TableViewBannersCell.m */,
				88B22E7B1C60E93C00E7F54D /* TableViewCarouselsCell.h */,
				88B22E7C1C60E93C00E7F54D /* TableViewCarouselsCell.m */,
				88B22E7D1C60E93C00E7F54D /* TableViewVideosCell.h */,
				88B22E7E1C60E93C00E7F54D /* TableViewVideosCell.m */,
			);
			path = Views;
			sourceTree = "<group>";
		};
		88B22E6E1C60E93C00E7F54D /* subViews */ = {
			isa = PBXGroup;
			children = (
				88B22E6F1C60E93C00E7F54D /* CollectionViewHorizontalCell.h */,
				88B22E701C60E93C00E7F54D /* CollectionViewHorizontalCell.m */,
				88B22E711C60E93C00E7F54D /* CollectionViewVerticalCell.h */,
				88B22E721C60E93C00E7F54D /* CollectionViewVerticalCell.m */,
				88B22E731C60E93C00E7F54D /* TableViewSubArticleCell.h */,
				88B22E741C60E93C00E7F54D /* TableViewSubArticleCell.m */,
			);
			path = subViews;
			sourceTree = "<group>";
		};
		C49019E96A3C13DF57D5D953 /* Frameworks */ = {
			isa = PBXGroup;
			children = (
				880A13441C4F6FF100B3866C /* libz.tbd */,
				32195E865B75FA70404F1020 /* libPods.a */,
			);
			name = Frameworks;
			sourceTree = "<group>";
		};
/* End PBXGroup section */

/* Begin PBXNativeTarget section */
		8805F2131C2BF008001F51FF /* Acfun_demo */ = {
			isa = PBXNativeTarget;
			buildConfigurationList = 8805F22E1C2BF008001F51FF /* Build configuration list for PBXNativeTarget "Acfun_demo" */;
			buildPhases = (
				F148756CCCD2560E9E72B714 /* Check Pods Manifest.lock */,
				8805F2101C2BF008001F51FF /* Sources */,
				8805F2111C2BF008001F51FF /* Frameworks */,
				8805F2121C2BF008001F51FF /* Resources */,
				17099897783DE0BFECC95A62 /* Embed Pods Frameworks */,
				C51DF45F6CEF5CD471C6569D /* Copy Pods Resources */,
			);
			buildRules = (
			);
			dependencies = (
			);
			name = Acfun_demo;
			productName = Acfun_demo;
			productReference = 8805F2141C2BF008001F51FF /* Acfun_demo.app */;
			productType = "com.apple.product-type.application";
		};
/* End PBXNativeTarget section */

/* Begin PBXProject section */
		8805F20C1C2BF008001F51FF /* Project object */ = {
			isa = PBXProject;
			attributes = {
				LastUpgradeCheck = 0720;
				ORGANIZATIONNAME = DeppL;
				TargetAttributes = {
					8805F2131C2BF008001F51FF = {
						CreatedOnToolsVersion = 7.2;
						DevelopmentTeam = V22Y7EUV3B;
						SystemCapabilities = {
							com.apple.Maps.iOS = {
								enabled = 0;
							};
						};
					};
				};
			};
			buildConfigurationList = 8805F20F1C2BF008001F51FF /* Build configuration list for PBXProject "Acfun_demo" */;
			compatibilityVersion = "Xcode 3.2";
			developmentRegion = English;
			hasScannedForEncodings = 0;
			knownRegions = (
				en,
				Base,
			);
			mainGroup = 8805F20B1C2BF008001F51FF;
			productRefGroup = 8805F2151C2BF008001F51FF /* Products */;
			projectDirPath = "";
			projectRoot = "";
			targets = (
				8805F2131C2BF008001F51FF /* Acfun_demo */,
			);
		};
/* End PBXProject section */

/* Begin PBXResourcesBuildPhase section */
		8805F2121C2BF008001F51FF /* Resources */ = {
			isa = PBXResourcesBuildPhase;
			buildActionMask = 2147483647;
			files = (
				8804F9841C4A4EDE00194F58 /* channelList.plist in Resources */,
				88B22E4B1C6099C600E7F54D /* HomeModel.m.back in Resources */,
				88FD946C1C575E0F001CD81B /* URL_Note in Resources */,
				88B22E491C6099C600E7F54D /* HomeModel.h.back in Resources */,
				88F583AD1C60FEDB00681D39 /* Assets.xcassets in Resources */,
			);
			runOnlyForDeploymentPostprocessing = 0;
		};
/* End PBXResourcesBuildPhase section */

/* Begin PBXShellScriptBuildPhase section */
		17099897783DE0BFECC95A62 /* Embed Pods Frameworks */ = {
			isa = PBXShellScriptBuildPhase;
			buildActionMask = 2147483647;
			files = (
			);
			inputPaths = (
			);
			name = "Embed Pods Frameworks";
			outputPaths = (
			);
			runOnlyForDeploymentPostprocessing = 0;
			shellPath = /bin/sh;
			shellScript = "\"${SRCROOT}/Pods/Target Support Files/Pods/Pods-frameworks.sh\"\n";
			showEnvVarsInLog = 0;
		};
		C51DF45F6CEF5CD471C6569D /* Copy Pods Resources */ = {
			isa = PBXShellScriptBuildPhase;
			buildActionMask = 2147483647;
			files = (
			);
			inputPaths = (
			);
			name = "Copy Pods Resources";
			outputPaths = (
			);
			runOnlyForDeploymentPostprocessing = 0;
			shellPath = /bin/sh;
			shellScript = "\"${SRCROOT}/Pods/Target Support Files/Pods/Pods-resources.sh\"\n";
			showEnvVarsInLog = 0;
		};
		F148756CCCD2560E9E72B714 /* Check Pods Manifest.lock */ = {
			isa = PBXShellScriptBuildPhase;
			buildActionMask = 2147483647;
			files = (
			);
			inputPaths = (
			);
			name = "Check Pods Manifest.lock";
			outputPaths = (
			);
			runOnlyForDeploymentPostprocessing = 0;
			shellPath = /bin/sh;
			shellScript = "diff \"${PODS_ROOT}/../Podfile.lock\" \"${PODS_ROOT}/Manifest.lock\" > /dev/null\nif [[ $? != 0 ]] ; then\n    cat << EOM\nerror: The sandbox is not in sync with the Podfile.lock. Run 'pod install' or update your CocoaPods installation.\nEOM\n    exit 1\nfi\n";
			showEnvVarsInLog = 0;
		};
/* End PBXShellScriptBuildPhase section */

/* Begin PBXSourcesBuildPhase section */
		8805F2101C2BF008001F51FF /* Sources */ = {
			isa = PBXSourcesBuildPhase;
			buildActionMask = 2147483647;
			files = (
				88B22E4D1C6099C600E7F54D /* HomeModelLatestBangumiVideo.m in Sources */,
				8805F21C1C2BF008001F51FF /* AppDelegate.m in Sources */,
				88B22E7F1C60E93C00E7F54D /* CollectionViewHorizontalCell.m in Sources */,
				88B22DF71C60993A00E7F54D /* ChannelViewController.m in Sources */,
				8805F23E1C2BF13B001F51FF /* main.m in Sources */,
				88B22E671C6099D400E7F54D /* UserViewController.m in Sources */,
				88B22E841C60E93C00E7F54D /* TableViewBannersCell.m in Sources */,
				88B22E501C6099C600E7F54D /* HomeModelType.m in Sources */,
				88B22E861C60E93C00E7F54D /* TableViewVideosCell.m in Sources */,
				88B22E4F1C6099C600E7F54D /* HomeModelOwner.m in Sources */,
				88B22E831C60E93C00E7F54D /* TableViewBangumisCell.m in Sources */,
				8805F23A1C2BF13B001F51FF /* Acfun_demo.xcdatamodeld in Sources */,
				88B22DF81C60993A00E7F54D /* ChannelCollectionViewCell.m in Sources */,
				88B22DF91C60993A00E7F54D /* CollectionFootView.m in Sources */,
				88B22E851C60E93C00E7F54D /* TableViewCarouselsCell.m in Sources */,
				88B22E821C60E93C00E7F54D /* TableViewArticlesCell.m in Sources */,
				88B22E891C60E9AD00E7F54D /* HomeModelFrame.m in Sources */,
				88B22E4C1C6099C600E7F54D /* HomeModelContent.m in Sources */,
				88B22DFA1C60993A00E7F54D /* CollectionHeadView.m in Sources */,
				88B22E811C60E93C00E7F54D /* TableViewSubArticleCell.m in Sources */,
				88B22E6B1C609ACB00E7F54D /* ClassifierSubView.m in Sources */,
				88514B111C521F8C00F37B5A /* SingleHttpTool.m in Sources */,
				88B22E801C60E93C00E7F54D /* CollectionViewVerticalCell.m in Sources */,
				88B22E081C6099B900E7F54D /* DetailModel.m in Sources */,
				88B22E5F1C6099CE00E7F54D /* SearchViewController.m in Sources */,
				88B22E5D1C6099CE00E7F54D /* DownloadViewController.m in Sources */,
				88B22E011C6099AE00E7F54D /* ClassifierViewController.m in Sources */,
				8804F98A1C4A757A00194F58 /* myTools.m in Sources */,
				88B22E521C6099C600E7F54D /* HomeViewController.m in Sources */,
				88B22DF61C60993A00E7F54D /* ChannelModel.m in Sources */,
				88B22E231C6099C000E7F54D /* FocusViewController.m in Sources */,
				88B22E4A1C6099C600E7F54D /* HomeModel.m in Sources */,
				88B22E681C6099D400E7F54D /* SlideTabBarView.m in Sources */,
				88B22E4E1C6099C600E7F54D /* HomeModelMenu.m in Sources */,
				88B22E5E1C6099CE00E7F54D /* HistoryViewController.m in Sources */,
				88B22E511C6099C600E7F54D /* HomeModelVisit.m in Sources */,
			);
			runOnlyForDeploymentPostprocessing = 0;
		};
/* End PBXSourcesBuildPhase section */

/* Begin XCBuildConfiguration section */
		8805F22C1C2BF008001F51FF /* Debug */ = {
			isa = XCBuildConfiguration;
			buildSettings = {
				ALWAYS_SEARCH_USER_PATHS = NO;
				CLANG_CXX_LANGUAGE_STANDARD = "gnu++0x";
				CLANG_CXX_LIBRARY = "libc++";
				CLANG_ENABLE_MODULES = YES;
				CLANG_ENABLE_OBJC_ARC = YES;
				CLANG_WARN_BOOL_CONVERSION = YES;
				CLANG_WARN_CONSTANT_CONVERSION = YES;
				CLANG_WARN_DIRECT_OBJC_ISA_USAGE = YES_ERROR;
				CLANG_WARN_EMPTY_BODY = YES;
				CLANG_WARN_ENUM_CONVERSION = YES;
				CLANG_WARN_INT_CONVERSION = YES;
				CLANG_WARN_OBJC_ROOT_CLASS = YES_ERROR;
				CLANG_WARN_UNREACHABLE_CODE = YES;
				CLANG_WARN__DUPLICATE_METHOD_MATCH = YES;
				"CODE_SIGN_IDENTITY[sdk=iphoneos*]" = "iPhone Developer";
				COPY_PHASE_STRIP = NO;
				DEBUG_INFORMATION_FORMAT = dwarf;
				ENABLE_STRICT_OBJC_MSGSEND = YES;
				ENABLE_TESTABILITY = YES;
				GCC_C_LANGUAGE_STANDARD = gnu99;
				GCC_DYNAMIC_NO_PIC = NO;
				GCC_NO_COMMON_BLOCKS = YES;
				GCC_OPTIMIZATION_LEVEL = 0;
				GCC_PREPROCESSOR_DEFINITIONS = (
					"DEBUG=1",
					"$(inherited)",
				);
				GCC_WARN_64_TO_32_BIT_CONVERSION = YES;
				GCC_WARN_ABOUT_RETURN_TYPE = YES_ERROR;
				GCC_WARN_UNDECLARED_SELECTOR = YES;
				GCC_WARN_UNINITIALIZED_AUTOS = YES_AGGRESSIVE;
				GCC_WARN_UNUSED_FUNCTION = YES;
				GCC_WARN_UNUSED_VARIABLE = YES;
				IPHONEOS_DEPLOYMENT_TARGET = 9.2;
				MTL_ENABLE_DEBUG_INFO = YES;
				ONLY_ACTIVE_ARCH = YES;
				OTHER_LDFLAGS = "";
				SDKROOT = iphoneos;
				TARGETED_DEVICE_FAMILY = 2;
			};
			name = Debug;
		};
		8805F22D1C2BF008001F51FF /* Release */ = {
			isa = XCBuildConfiguration;
			buildSettings = {
				ALWAYS_SEARCH_USER_PATHS = NO;
				CLANG_CXX_LANGUAGE_STANDARD = "gnu++0x";
				CLANG_CXX_LIBRARY = "libc++";
				CLANG_ENABLE_MODULES = YES;
				CLANG_ENABLE_OBJC_ARC = YES;
				CLANG_WARN_BOOL_CONVERSION = YES;
				CLANG_WARN_CONSTANT_CONVERSION = YES;
				CLANG_WARN_DIRECT_OBJC_ISA_USAGE = YES_ERROR;
				CLANG_WARN_EMPTY_BODY = YES;
				CLANG_WARN_ENUM_CONVERSION = YES;
				CLANG_WARN_INT_CONVERSION = YES;
				CLANG_WARN_OBJC_ROOT_CLASS = YES_ERROR;
				CLANG_WARN_UNREACHABLE_CODE = YES;
				CLANG_WARN__DUPLICATE_METHOD_MATCH = YES;
				"CODE_SIGN_IDENTITY[sdk=iphoneos*]" = "iPhone Developer";
				COPY_PHASE_STRIP = NO;
				DEBUG_INFORMATION_FORMAT = "dwarf-with-dsym";
				ENABLE_NS_ASSERTIONS = NO;
				ENABLE_STRICT_OBJC_MSGSEND = YES;
				GCC_C_LANGUAGE_STANDARD = gnu99;
				GCC_NO_COMMON_BLOCKS = YES;
				GCC_WARN_64_TO_32_BIT_CONVERSION = YES;
				GCC_WARN_ABOUT_RETURN_TYPE = YES_ERROR;
				GCC_WARN_UNDECLARED_SELECTOR = YES;
				GCC_WARN_UNINITIALIZED_AUTOS = YES_AGGRESSIVE;
				GCC_WARN_UNUSED_FUNCTION = YES;
				GCC_WARN_UNUSED_VARIABLE = YES;
				IPHONEOS_DEPLOYMENT_TARGET = 9.2;
				MTL_ENABLE_DEBUG_INFO = NO;
				SDKROOT = iphoneos;
				TARGETED_DEVICE_FAMILY = 2;
				VALIDATE_PRODUCT = YES;
			};
			name = Release;
		};
		8805F22F1C2BF008001F51FF /* Debug */ = {
			isa = XCBuildConfiguration;
			baseConfigurationReference = ED925E19846DCD2E9ABC970B /* Pods.debug.xcconfig */;
			buildSettings = {
				ASSETCATALOG_COMPILER_APPICON_NAME = AppIcon;
				ASSETCATALOG_COMPILER_LAUNCHIMAGE_NAME = LaunchImage;
				ENABLE_BITCODE = NO;
				FRAMEWORK_SEARCH_PATHS = "$(inherited)";
				GCC_PREFIX_HEADER = "Acfun_demo/Supporting Files/PrefixHeader.pch";
				HEADER_SEARCH_PATHS = (
					"$(inherited)",
					"\"${PODS_ROOT}/Headers/Public\"",
					"\"${PODS_ROOT}/Headers/Public/AFNetworking\"",
					"\"${PODS_ROOT}/Headers/Public/MBProgressHUD\"",
					"\"${PODS_ROOT}/Headers/Public/MJExtension\"",
					"\"${PODS_ROOT}/Headers/Public/Reachability\"",
					"\"${PODS_ROOT}/Headers/Public/SDWebImage\"",
					"\"${PODS_ROOT}/Headers/Public/YYCache\"",
				);
				INFOPLIST_FILE = Acfun_demo/Info.plist;
				IPHONEOS_DEPLOYMENT_TARGET = 8.0;
				LD_RUNPATH_SEARCH_PATHS = "$(inherited) @executable_path/Frameworks";
				ONLY_ACTIVE_ARCH = YES;
				OTHER_LDFLAGS = (
					"$(inherited)",
					"-ObjC",
					"-l\"MBProgressHUD\"",
					"-l\"SDWebImage\"",
					"-l\"z\"",
					"-framework",
					"\"CFNetwork\"",
					"-framework",
					"\"CoreGraphics\"",
					"-framework",
					"\"ImageIO\"",
					"-framework",
					"\"QuartzCore\"",
				);
				PRODUCT_BUNDLE_IDENTIFIER = "Acfun-demo";
				PRODUCT_NAME = "$(TARGET_NAME)";
				VALID_ARCHS = "arm64 armv7 armv7s";
			};
			name = Debug;
		};
		8805F2301C2BF008001F51FF /* Release */ = {
			isa = XCBuildConfiguration;
			baseConfigurationReference = C00D391E9470A4EE3BAC9D53 /* Pods.release.xcconfig */;
			buildSettings = {
				ASSETCATALOG_COMPILER_APPICON_NAME = AppIcon;
				ASSETCATALOG_COMPILER_LAUNCHIMAGE_NAME = LaunchImage;
				ENABLE_BITCODE = NO;
				FRAMEWORK_SEARCH_PATHS = "$(inherited)";
				GCC_PREFIX_HEADER = "Acfun_demo/Supporting Files/PrefixHeader.pch";
				HEADER_SEARCH_PATHS = (
					"$(inherited)",
					"\"${PODS_ROOT}/Headers/Public\"",
					"\"${PODS_ROOT}/Headers/Public/AFNetworking\"",
					"\"${PODS_ROOT}/Headers/Public/MBProgressHUD\"",
					"\"${PODS_ROOT}/Headers/Public/MJExtension\"",
					"\"${PODS_ROOT}/Headers/Public/Reachability\"",
					"\"${PODS_ROOT}/Headers/Public/SDWebImage\"",
					"\"${PODS_ROOT}/Headers/Public/YYCache\"",
				);
				INFOPLIST_FILE = Acfun_demo/Info.plist;
				IPHONEOS_DEPLOYMENT_TARGET = 8.0;
				LD_RUNPATH_SEARCH_PATHS = "$(inherited) @executable_path/Frameworks";
				ONLY_ACTIVE_ARCH = YES;
				PRODUCT_BUNDLE_IDENTIFIER = "Acfun-demo";
				PRODUCT_NAME = "$(TARGET_NAME)";
				VALID_ARCHS = "arm64 armv7 armv7s";
			};
			name = Release;
		};
/* End XCBuildConfiguration section */

/* Begin XCConfigurationList section */
		8805F20F1C2BF008001F51FF /* Build configuration list for PBXProject "Acfun_demo" */ = {
			isa = XCConfigurationList;
			buildConfigurations = (
				8805F22C1C2BF008001F51FF /* Debug */,
				8805F22D1C2BF008001F51FF /* Release */,
			);
			defaultConfigurationIsVisible = 0;
			defaultConfigurationName = Release;
		};
		8805F22E1C2BF008001F51FF /* Build configuration list for PBXNativeTarget "Acfun_demo" */ = {
			isa = XCConfigurationList;
			buildConfigurations = (
				8805F22F1C2BF008001F51FF /* Debug */,
				8805F2301C2BF008001F51FF /* Release */,
			);
			defaultConfigurationIsVisible = 0;
			defaultConfigurationName = Release;
		};
/* End XCConfigurationList section */

/* Begin XCVersionGroup section */
		8805F2321C2BF13B001F51FF /* Acfun_demo.xcdatamodeld */ = {
			isa = XCVersionGroup;
			children = (
				8805F2331C2BF13B001F51FF /* Acfun_demo.xcdatamodel */,
			);
			currentVersion = 8805F2331C2BF13B001F51FF /* Acfun_demo.xcdatamodel */;
			path = Acfun_demo.xcdatamodeld;
			sourceTree = "<group>";
			versionGroupType = wrapper.xcdatamodel;
		};
/* End XCVersionGroup section */
	};
	rootObject = 8805F20C1C2BF008001F51FF /* Project object */;
}
